{
  "requires": true,
  "lockfileVersion": 1,
  "dependencies": {
    "@nativescript/theme": {
      "version": "2.2.1",
      "resolved": "https://registry.npmjs.org/@nativescript/theme/-/theme-2.2.1.tgz",
      "integrity": "sha512-7vL0muw/FlmvgdKDtT8D4jA7XWFiUakdmZ8gbBjwobZFTF85cS11qbmBltua1mdmuMEm6O1fwa+RH8FQYak+tw=="
    }
  }
}
